// !$*UTF8*$!
{
	archiveVersion = 1;
	classes = {
	};
	objectVersion = 56;
	objects = {

/* Begin PBXBuildFile section */
		8A51DE7A2A83C47200930C1C /* QFlickrAppApp.swift in Sources */ = {isa = PBXBuildFile; fileRef = 8A51DE792A83C47200930C1C /* QFlickrAppApp.swift */; };
		8A51DE7C2A83C47200930C1C /* ContentView.swift in Sources */ = {isa = PBXBuildFile; fileRef = 8A51DE7B2A83C47200930C1C /* ContentView.swift */; };
		8A51DE7E2A83C47200930C1C /* Assets.xcassets in Resources */ = {isa = PBXBuildFile; fileRef = 8A51DE7D2A83C47200930C1C /* Assets.xcassets */; };
		8A51DE812A83C47200930C1C /* Preview Assets.xcassets in Resources */ = {isa = PBXBuildFile; fileRef = 8A51DE802A83C47200930C1C /* Preview Assets.xcassets */; };
		8A51DE882A83C4F700930C1C /* ImageDataModel.swift in Sources */ = {isa = PBXBuildFile; fileRef = 8A51DE872A83C4F700930C1C /* ImageDataModel.swift */; };
		8A51DE8A2A83C55200930C1C /* FlickrViewModel.swift in Sources */ = {isa = PBXBuildFile; fileRef = 8A51DE892A83C55200930C1C /* FlickrViewModel.swift */; };
		8A51DE8C2A83C6A500930C1C /* FlickrSearchBar.swift in Sources */ = {isa = PBXBuildFile; fileRef = 8A51DE8B2A83C6A500930C1C /* FlickrSearchBar.swift */; };
		8A51DE8F2A84F9C000930C1C /* MockData.swift in Sources */ = {isa = PBXBuildFile; fileRef = 8A51DE8E2A84F9C000930C1C /* MockData.swift */; };
		8A51DE912A84FB9400930C1C /* JSONLoader.swift in Sources */ = {isa = PBXBuildFile; fileRef = 8A51DE902A84FB9400930C1C /* JSONLoader.swift */; };
		8A51DE932A84FBD600930C1C /* NetworkManager.swift in Sources */ = {isa = PBXBuildFile; fileRef = 8A51DE922A84FBD600930C1C /* NetworkManager.swift */; };
		8A51DE952A84FF1800930C1C /* APIError.swift in Sources */ = {isa = PBXBuildFile; fileRef = 8A51DE942A84FF1800930C1C /* APIError.swift */; };
		8A51DE982A85059D00930C1C /* CustomAlert.swift in Sources */ = {isa = PBXBuildFile; fileRef = 8A51DE972A85059D00930C1C /* CustomAlert.swift */; };
		8A677E552A858135004A1437 /* Data+Ext.swift in Sources */ = {isa = PBXBuildFile; fileRef = 8A677E542A858135004A1437 /* Data+Ext.swift */; };
		8A677E572A8595A0004A1437 /* LoadingView.swift in Sources */ = {isa = PBXBuildFile; fileRef = 8A677E562A8595A0004A1437 /* LoadingView.swift */; };
		8A677E802A85B524004A1437 /* MockSearchResults.json in Resources */ = {isa = PBXBuildFile; fileRef = 8A677E7F2A85B524004A1437 /* MockSearchResults.json */; };
		8A677E822A85B686004A1437 /* MockNetworkManager.swift in Sources */ = {isa = PBXBuildFile; fileRef = 8A677E812A85B686004A1437 /* MockNetworkManager.swift */; };
		8A677E842A85B78E004A1437 /* NetworkManagerTests.swift in Sources */ = {isa = PBXBuildFile; fileRef = 8A677E832A85B78E004A1437 /* NetworkManagerTests.swift */; };
		8A677E862A85BA05004A1437 /* FlickrViewModelTests.swift in Sources */ = {isa = PBXBuildFile; fileRef = 8A677E852A85BA05004A1437 /* FlickrViewModelTests.swift */; };
/* End PBXBuildFile section */

/* Begin PBXContainerItemProxy section */
		8A677E7A2A85B4D3004A1437 /* PBXContainerItemProxy */ = {
			isa = PBXContainerItemProxy;
			containerPortal = 8A51DE6E2A83C47200930C1C /* Project object */;
			proxyType = 1;
			remoteGlobalIDString = 8A51DE752A83C47200930C1C;
			remoteInfo = QFlickrApp;
		};
/* End PBXContainerItemProxy section */

/* Begin PBXFileReference section */
		8A51DE762A83C47200930C1C /* QFlickrApp.app */ = {isa = PBXFileReference; explicitFileType = wrapper.application; includeInIndex = 0; path = QFlickrApp.app; sourceTree = BUILT_PRODUCTS_DIR; };
		8A51DE792A83C47200930C1C /* QFlickrAppApp.swift */ = {isa = PBXFileReference; lastKnownFileType = sourcecode.swift; path = QFlickrAppApp.swift; sourceTree = "<group>"; };
		8A51DE7B2A83C47200930C1C /* ContentView.swift */ = {isa = PBXFileReference; lastKnownFileType = sourcecode.swift; path = ContentView.swift; sourceTree = "<group>"; };
		8A51DE7D2A83C47200930C1C /* Assets.xcassets */ = {isa = PBXFileReference; lastKnownFileType = folder.assetcatalog; path = Assets.xcassets; sourceTree = "<group>"; };
		8A51DE802A83C47200930C1C /* Preview Assets.xcassets */ = {isa = PBXFileReference; lastKnownFileType = folder.assetcatalog; path = "Preview Assets.xcassets"; sourceTree = "<group>"; };
		8A51DE872A83C4F700930C1C /* ImageDataModel.swift */ = {isa = PBXFileReference; lastKnownFileType = sourcecode.swift; path = ImageDataModel.swift; sourceTree = "<group>"; };
		8A51DE892A83C55200930C1C /* FlickrViewModel.swift */ = {isa = PBXFileReference; lastKnownFileType = sourcecode.swift; path = FlickrViewModel.swift; sourceTree = "<group>"; };
		8A51DE8B2A83C6A500930C1C /* FlickrSearchBar.swift */ = {isa = PBXFileReference; lastKnownFileType = sourcecode.swift; path = FlickrSearchBar.swift; sourceTree = "<group>"; };
		8A51DE8E2A84F9C000930C1C /* MockData.swift */ = {isa = PBXFileReference; lastKnownFileType = sourcecode.swift; path = MockData.swift; sourceTree = "<group>"; };
		8A51DE902A84FB9400930C1C /* JSONLoader.swift */ = {isa = PBXFileReference; lastKnownFileType = sourcecode.swift; path = JSONLoader.swift; sourceTree = "<group>"; };
		8A51DE922A84FBD600930C1C /* NetworkManager.swift */ = {isa = PBXFileReference; lastKnownFileType = sourcecode.swift; path = NetworkManager.swift; sourceTree = "<group>"; };
		8A51DE942A84FF1800930C1C /* APIError.swift */ = {isa = PBXFileReference; lastKnownFileType = sourcecode.swift; path = APIError.swift; sourceTree = "<group>"; };
		8A51DE972A85059D00930C1C /* CustomAlert.swift */ = {isa = PBXFileReference; lastKnownFileType = sourcecode.swift; path = CustomAlert.swift; sourceTree = "<group>"; };
		8A677E542A858135004A1437 /* Data+Ext.swift */ = {isa = PBXFileReference; lastKnownFileType = sourcecode.swift; path = "Data+Ext.swift"; sourceTree = "<group>"; };
		8A677E562A8595A0004A1437 /* LoadingView.swift */ = {isa = PBXFileReference; lastKnownFileType = sourcecode.swift; path = LoadingView.swift; sourceTree = "<group>"; };
		8A677E762A85B4D3004A1437 /* QFlickrAppTests.xctest */ = {isa = PBXFileReference; explicitFileType = wrapper.cfbundle; includeInIndex = 0; path = QFlickrAppTests.xctest; sourceTree = BUILT_PRODUCTS_DIR; };
		8A677E7F2A85B524004A1437 /* MockSearchResults.json */ = {isa = PBXFileReference; lastKnownFileType = text.json; path = MockSearchResults.json; sourceTree = "<group>"; };
		8A677E812A85B686004A1437 /* MockNetworkManager.swift */ = {isa = PBXFileReference; lastKnownFileType = sourcecode.swift; path = MockNetworkManager.swift; sourceTree = "<group>"; };
		8A677E832A85B78E004A1437 /* NetworkManagerTests.swift */ = {isa = PBXFileReference; lastKnownFileType = sourcecode.swift; path = NetworkManagerTests.swift; sourceTree = "<group>"; };
		8A677E852A85BA05004A1437 /* FlickrViewModelTests.swift */ = {isa = PBXFileReference; lastKnownFileType = sourcecode.swift; path = FlickrViewModelTests.swift; sourceTree = "<group>"; };
/* End PBXFileReference section */

/* Begin PBXFrameworksBuildPhase section */
		8A51DE732A83C47200930C1C /* Frameworks */ = {
			isa = PBXFrameworksBuildPhase;
			buildActionMask = 2147483647;
			files = (
			);
			runOnlyForDeploymentPostprocessing = 0;
		};
		8A677E732A85B4D3004A1437 /* Frameworks */ = {
			isa = PBXFrameworksBuildPhase;
			buildActionMask = 2147483647;
			files = (
			);
			runOnlyForDeploymentPostprocessing = 0;
		};
/* End PBXFrameworksBuildPhase section */

/* Begin PBXGroup section */
		8A51DE6D2A83C47200930C1C = {
			isa = PBXGroup;
			children = (
				8A51DE782A83C47200930C1C /* QFlickrApp */,
				8A677E772A85B4D3004A1437 /* QFlickrAppTests */,
				8A51DE772A83C47200930C1C /* Products */,
			);
			sourceTree = "<group>";
		};
		8A51DE772A83C47200930C1C /* Products */ = {
			isa = PBXGroup;
			children = (
				8A51DE762A83C47200930C1C /* QFlickrApp.app */,
				8A677E762A85B4D3004A1437 /* QFlickrAppTests.xctest */,
			);
			name = Products;
			sourceTree = "<group>";
		};
		8A51DE782A83C47200930C1C /* QFlickrApp */ = {
			isa = PBXGroup;
			children = (
				8A51DE792A83C47200930C1C /* QFlickrAppApp.swift */,
				8A51DE7B2A83C47200930C1C /* ContentView.swift */,
				8A51DE8B2A83C6A500930C1C /* FlickrSearchBar.swift */,
				8A51DE892A83C55200930C1C /* FlickrViewModel.swift */,
				8A51DE962A85057F00930C1C /* Helper & Ext */,
				8A51DE8D2A84F98B00930C1C /* Networking */,
				8A51DE7D2A83C47200930C1C /* Assets.xcassets */,
				8A51DE7F2A83C47200930C1C /* Preview Content */,
			);
			path = QFlickrApp;
			sourceTree = "<group>";
		};
		8A51DE7F2A83C47200930C1C /* Preview Content */ = {
			isa = PBXGroup;
			children = (
				8A51DE802A83C47200930C1C /* Preview Assets.xcassets */,
			);
			path = "Preview Content";
			sourceTree = "<group>";
		};
		8A51DE8D2A84F98B00930C1C /* Networking */ = {
			isa = PBXGroup;
			children = (
				8A51DE872A83C4F700930C1C /* ImageDataModel.swift */,
				8A51DE8E2A84F9C000930C1C /* MockData.swift */,
				8A51DE902A84FB9400930C1C /* JSONLoader.swift */,
				8A51DE922A84FBD600930C1C /* NetworkManager.swift */,
				8A51DE942A84FF1800930C1C /* APIError.swift */,
			);
			path = Networking;
			sourceTree = "<group>";
		};
		8A51DE962A85057F00930C1C /* Helper & Ext */ = {
			isa = PBXGroup;
			children = (
				8A51DE972A85059D00930C1C /* CustomAlert.swift */,
				8A677E542A858135004A1437 /* Data+Ext.swift */,
				8A677E562A8595A0004A1437 /* LoadingView.swift */,
			);
			path = "Helper & Ext";
			sourceTree = "<group>";
		};
		8A677E772A85B4D3004A1437 /* QFlickrAppTests */ = {
			isa = PBXGroup;
			children = (
				8A677E7F2A85B524004A1437 /* MockSearchResults.json */,
				8A677E812A85B686004A1437 /* MockNetworkManager.swift */,
				8A677E832A85B78E004A1437 /* NetworkManagerTests.swift */,
				8A677E852A85BA05004A1437 /* FlickrViewModelTests.swift */,
			);
			path = QFlickrAppTests;
			sourceTree = "<group>";
		};
/* End PBXGroup section */

/* Begin PBXNativeTarget section */
		8A51DE752A83C47200930C1C /* QFlickrApp */ = {
			isa = PBXNativeTarget;
			buildConfigurationList = 8A51DE842A83C47200930C1C /* Build configuration list for PBXNativeTarget "QFlickrApp" */;
			buildPhases = (
				8A51DE722A83C47200930C1C /* Sources */,
				8A51DE732A83C47200930C1C /* Frameworks */,
				8A51DE742A83C47200930C1C /* Resources */,
			);
			buildRules = (
			);
			dependencies = (
			);
			name = QFlickrApp;
			productName = QFlickrApp;
			productReference = 8A51DE762A83C47200930C1C /* QFlickrApp.app */;
			productType = "com.apple.product-type.application";
		};
		8A677E752A85B4D3004A1437 /* QFlickrAppTests */ = {
			isa = PBXNativeTarget;
			buildConfigurationList = 8A677E7E2A85B4D3004A1437 /* Build configuration list for PBXNativeTarget "QFlickrAppTests" */;
			buildPhases = (
				8A677E722A85B4D3004A1437 /* Sources */,
				8A677E732A85B4D3004A1437 /* Frameworks */,
				8A677E742A85B4D3004A1437 /* Resources */,
			);
			buildRules = (
			);
			dependencies = (
				8A677E7B2A85B4D3004A1437 /* PBXTargetDependency */,
			);
			name = QFlickrAppTests;
			productName = QFlickrAppTests;
			productReference = 8A677E762A85B4D3004A1437 /* QFlickrAppTests.xctest */;
			productType = "com.apple.product-type.bundle.unit-test";
		};
/* End PBXNativeTarget section */

/* Begin PBXProject section */
		8A51DE6E2A83C47200930C1C /* Project object */ = {
			isa = PBXProject;
			attributes = {
				BuildIndependentTargetsInParallel = 1;
				LastSwiftUpdateCheck = 1430;
				LastUpgradeCheck = 1430;
				TargetAttributes = {
					8A51DE752A83C47200930C1C = {
						CreatedOnToolsVersion = 14.3.1;
					};
					8A677E752A85B4D3004A1437 = {
						CreatedOnToolsVersion = 14.3.1;
						LastSwiftMigration = 1430;
						TestTargetID = 8A51DE752A83C47200930C1C;
					};
				};
			};
			buildConfigurationList = 8A51DE712A83C47200930C1C /* Build configuration list for PBXProject "QFlickrApp" */;
			compatibilityVersion = "Xcode 14.0";
			developmentRegion = en;
			hasScannedForEncodings = 0;
			knownRegions = (
				en,
				Base,
			);
			mainGroup = 8A51DE6D2A83C47200930C1C;
			productRefGroup = 8A51DE772A83C47200930C1C /* Products */;
			projectDirPath = "";
			projectRoot = "";
			targets = (
				8A51DE752A83C47200930C1C /* QFlickrApp */,
				8A677E752A85B4D3004A1437 /* QFlickrAppTests */,
			);
		};
/* End PBXProject section */

/* Begin PBXResourcesBuildPhase section */
		8A51DE742A83C47200930C1C /* Resources */ = {
			isa = PBXResourcesBuildPhase;
			buildActionMask = 2147483647;
			files = (
				8A51DE812A83C47200930C1C /* Preview Assets.xcassets in Resources */,
				8A51DE7E2A83C47200930C1C /* Assets.xcassets in Resources */,
			);
			runOnlyForDeploymentPostprocessing = 0;
		};
		8A677E742A85B4D3004A1437 /* Resources */ = {
			isa = PBXResourcesBuildPhase;
			buildActionMask = 2147483647;
			files = (
				8A677E802A85B524004A1437 /* MockSearchResults.json in Resources */,
			);
			runOnlyForDeploymentPostprocessing = 0;
		};
/* End PBXResourcesBuildPhase section */

/* Begin PBXSourcesBuildPhase section */
		8A51DE722A83C47200930C1C /* Sources */ = {
			isa = PBXSourcesBuildPhase;
			buildActionMask = 2147483647;
			files = (
				8A677E552A858135004A1437 /* Data+Ext.swift in Sources */,
				8A51DE7C2A83C47200930C1C /* ContentView.swift in Sources */,
				8A51DE8F2A84F9C000930C1C /* MockData.swift in Sources */,
				8A51DE8C2A83C6A500930C1C /* FlickrSearchBar.swift in Sources */,
				8A51DE882A83C4F700930C1C /* ImageDataModel.swift in Sources */,
				8A677E572A8595A0004A1437 /* LoadingView.swift in Sources */,
				8A51DE932A84FBD600930C1C /* NetworkManager.swift in Sources */,
				8A51DE7A2A83C47200930C1C /* QFlickrAppApp.swift in Sources */,
				8A51DE8A2A83C55200930C1C /* FlickrViewModel.swift in Sources */,
				8A51DE912A84FB9400930C1C /* JSONLoader.swift in Sources */,
				8A51DE952A84FF1800930C1C /* APIError.swift in Sources */,
				8A51DE982A85059D00930C1C /* CustomAlert.swift in Sources */,
			);
			runOnlyForDeploymentPostprocessing = 0;
		};
		8A677E722A85B4D3004A1437 /* Sources */ = {
			isa = PBXSourcesBuildPhase;
			buildActionMask = 2147483647;
			files = (
				8A677E842A85B78E004A1437 /* NetworkManagerTests.swift in Sources */,
				8A677E822A85B686004A1437 /* MockNetworkManager.swift in Sources */,
				8A677E862A85BA05004A1437 /* FlickrViewModelTests.swift in Sources */,
			);
			runOnlyForDeploymentPostprocessing = 0;
		};
/* End PBXSourcesBuildPhase section */

/* Begin PBXTargetDependency section */
		8A677E7B2A85B4D3004A1437 /* PBXTargetDependency */ = {
			isa = PBXTargetDependency;
			target = 8A51DE752A83C47200930C1C /* QFlickrApp */;
			targetProxy = 8A677E7A2A85B4D3004A1437 /* PBXContainerItemProxy */;
		};
/* End PBXTargetDependency section */

/* Begin XCBuildConfiguration section */
		8A51DE822A83C47200930C1C /* Debug */ = {
			isa = XCBuildConfiguration;
			buildSettings = {
				ALWAYS_SEARCH_USER_PATHS = NO;
				CLANG_ANALYZER_NONNULL = YES;
				CLANG_ANALYZER_NUMBER_OBJECT_CONVERSION = YES_AGGRESSIVE;
				CLANG_CXX_LANGUAGE_STANDARD = "gnu++20";
				CLANG_ENABLE_MODULES = YES;
				CLANG_ENABLE_OBJC_ARC = YES;
				CLANG_ENABLE_OBJC_WEAK = YES;
				CLANG_WARN_BLOCK_CAPTURE_AUTORELEASING = YES;
				CLANG_WARN_BOOL_CONVERSION = YES;
				CLANG_WARN_COMMA = YES;
				CLANG_WARN_CONSTANT_CONVERSION = YES;
				CLANG_WARN_DEPRECATED_OBJC_IMPLEMENTATIONS = YES;
				CLANG_WARN_DIRECT_OBJC_ISA_USAGE = YES_ERROR;
				CLANG_WARN_DOCUMENTATION_COMMENTS = YES;
				CLANG_WARN_EMPTY_BODY = YES;
				CLANG_WARN_ENUM_CONVERSION = YES;
				CLANG_WARN_INFINITE_RECURSION = YES;
				CLANG_WARN_INT_CONVERSION = YES;
				CLANG_WARN_NON_LITERAL_NULL_CONVERSION = YES;
				CLANG_WARN_OBJC_IMPLICIT_RETAIN_SELF = YES;
				CLANG_WARN_OBJC_LITERAL_CONVERSION = YES;
				CLANG_WARN_OBJC_ROOT_CLASS = YES_ERROR;
				CLANG_WARN_QUOTED_INCLUDE_IN_FRAMEWORK_HEADER = YES;
				CLANG_WARN_RANGE_LOOP_ANALYSIS = YES;
				CLANG_WARN_STRICT_PROTOTYPES = YES;
				CLANG_WARN_SUSPICIOUS_MOVE = YES;
				CLANG_WARN_UNGUARDED_AVAILABILITY = YES_AGGRESSIVE;
				CLANG_WARN_UNREACHABLE_CODE = YES;
				CLANG_WARN__DUPLICATE_METHOD_MATCH = YES;
				COPY_PHASE_STRIP = NO;
				DEBUG_INFORMATION_FORMAT = dwarf;
				ENABLE_STRICT_OBJC_MSGSEND = YES;
				ENABLE_TESTABILITY = YES;
				GCC_C_LANGUAGE_STANDARD = gnu11;
				GCC_DYNAMIC_NO_PIC = NO;
				GCC_NO_COMMON_BLOCKS = YES;
				GCC_OPTIMIZATION_LEVEL = 0;
				GCC_PREPROCESSOR_DEFINITIONS = (
					"DEBUG=1",
					"$(inherited)",
				);
				GCC_WARN_64_TO_32_BIT_CONVERSION = YES;
				GCC_WARN_ABOUT_RETURN_TYPE = YES_ERROR;
				GCC_WARN_UNDECLARED_SELECTOR = YES;
				GCC_WARN_UNINITIALIZED_AUTOS = YES_AGGRESSIVE;
				GCC_WARN_UNUSED_FUNCTION = YES;
				GCC_WARN_UNUSED_VARIABLE = YES;
				IPHONEOS_DEPLOYMENT_TARGET = 15.0;
				MTL_ENABLE_DEBUG_INFO = INCLUDE_SOURCE;
				MTL_FAST_MATH = YES;
				ONLY_ACTIVE_ARCH = YES;
				SDKROOT = iphoneos;
				SWIFT_ACTIVE_COMPILATION_CONDITIONS = DEBUG;
				SWIFT_OPTIMIZATION_LEVEL = "-Onone";
			};
			name = Debug;
		};
		8A51DE832A83C47200930C1C /* Release */ = {
			isa = XCBuildConfiguration;
			buildSettings = {
				ALWAYS_SEARCH_USER_PATHS = NO;
				CLANG_ANALYZER_NONNULL = YES;
				CLANG_ANALYZER_NUMBER_OBJECT_CONVERSION = YES_AGGRESSIVE;
				CLANG_CXX_LANGUAGE_STANDARD = "gnu++20";
				CLANG_ENABLE_MODULES = YES;
				CLANG_ENABLE_OBJC_ARC = YES;
				CLANG_ENABLE_OBJC_WEAK = YES;
				CLANG_WARN_BLOCK_CAPTURE_AUTORELEASING = YES;
				CLANG_WARN_BOOL_CONVERSION = YES;
				CLANG_WARN_COMMA = YES;
				CLANG_WARN_CONSTANT_CONVERSION = YES;
				CLANG_WARN_DEPRECATED_OBJC_IMPLEMENTATIONS = YES;
				CLANG_WARN_DIRECT_OBJC_ISA_USAGE = YES_ERROR;
				CLANG_WARN_DOCUMENTATION_COMMENTS = YES;
				CLANG_WARN_EMPTY_BODY = YES;
				CLANG_WARN_ENUM_CONVERSION = YES;
				CLANG_WARN_INFINITE_RECURSION = YES;
				CLANG_WARN_INT_CONVERSION = YES;
				CLANG_WARN_NON_LITERAL_NULL_CONVERSION = YES;
				CLANG_WARN_OBJC_IMPLICIT_RETAIN_SELF = YES;
				CLANG_WARN_OBJC_LITERAL_CONVERSION = YES;
				CLANG_WARN_OBJC_ROOT_CLASS = YES_ERROR;
				CLANG_WARN_QUOTED_INCLUDE_IN_FRAMEWORK_HEADER = YES;
				CLANG_WARN_RANGE_LOOP_ANALYSIS = YES;
				CLANG_WARN_STRICT_PROTOTYPES = YES;
				CLANG_WARN_SUSPICIOUS_MOVE = YES;
				CLANG_WARN_UNGUARDED_AVAILABILITY = YES_AGGRESSIVE;
				CLANG_WARN_UNREACHABLE_CODE = YES;
				CLANG_WARN__DUPLICATE_METHOD_MATCH = YES;
				COPY_PHASE_STRIP = NO;
				DEBUG_INFORMATION_FORMAT = "dwarf-with-dsym";
				ENABLE_NS_ASSERTIONS = NO;
				ENABLE_STRICT_OBJC_MSGSEND = YES;
				GCC_C_LANGUAGE_STANDARD = gnu11;
				GCC_NO_COMMON_BLOCKS = YES;
				GCC_WARN_64_TO_32_BIT_CONVERSION = YES;
				GCC_WARN_ABOUT_RETURN_TYPE = YES_ERROR;
				GCC_WARN_UNDECLARED_SELECTOR = YES;
				GCC_WARN_UNINITIALIZED_AUTOS = YES_AGGRESSIVE;
				GCC_WARN_UNUSED_FUNCTION = YES;
				GCC_WARN_UNUSED_VARIABLE = YES;
				IPHONEOS_DEPLOYMENT_TARGET = 15.0;
				MTL_ENABLE_DEBUG_INFO = NO;
				MTL_FAST_MATH = YES;
				SDKROOT = iphoneos;
				SWIFT_COMPILATION_MODE = wholemodule;
				SWIFT_OPTIMIZATION_LEVEL = "-O";
				VALIDATE_PRODUCT = YES;
			};
			name = Release;
		};
		8A51DE852A83C47200930C1C /* Debug */ = {
			isa = XCBuildConfiguration;
			buildSettings = {
				ASSETCATALOG_COMPILER_APPICON_NAME = AppIcon;
				ASSETCATALOG_COMPILER_GLOBAL_ACCENT_COLOR_NAME = AccentColor;
				CODE_SIGN_STYLE = Automatic;
				CURRENT_PROJECT_VERSION = 1;
				DEVELOPMENT_ASSET_PATHS = "\"QFlickrApp/Preview Content\"";
				DEVELOPMENT_TEAM = XHKRMS9TZN;
				ENABLE_PREVIEWS = YES;
				GENERATE_INFOPLIST_FILE = YES;
				INFOPLIST_FILE = "";
				INFOPLIST_KEY_UIApplicationSceneManifest_Generation = YES;
				INFOPLIST_KEY_UIApplicationSupportsIndirectInputEvents = YES;
				INFOPLIST_KEY_UILaunchScreen_Generation = YES;
				INFOPLIST_KEY_UISupportedInterfaceOrientations_iPad = "UIInterfaceOrientationPortrait UIInterfaceOrientationPortraitUpsideDown UIInterfaceOrientationLandscapeLeft UIInterfaceOrientationLandscapeRight";
				INFOPLIST_KEY_UISupportedInterfaceOrientations_iPhone = "UIInterfaceOrientationPortrait UIInterfaceOrientationLandscapeLeft UIInterfaceOrientationLandscapeRight";
				LD_RUNPATH_SEARCH_PATHS = (
					"$(inherited)",
					"@executable_path/Frameworks",
				);
				MARKETING_VERSION = 1.0;
				PRODUCT_BUNDLE_IDENTIFIER = co.adam.QFlickrApp;
				PRODUCT_NAME = "$(TARGET_NAME)";
				SWIFT_EMIT_LOC_STRINGS = YES;
				SWIFT_VERSION = 5.0;
				TARGETED_DEVICE_FAMILY = "1,2";
			};
			name = Debug;
		};
		8A51DE862A83C47200930C1C /* Release */ = {
			isa = XCBuildConfiguration;
			buildSettings = {
				ASSETCATALOG_COMPILER_APPICON_NAME = AppIcon;
				ASSETCATALOG_COMPILER_GLOBAL_ACCENT_COLOR_NAME = AccentColor;
				CODE_SIGN_STYLE = Automatic;
				CURRENT_PROJECT_VERSION = 1;
				DEVELOPMENT_ASSET_PATHS = "\"QFlickrApp/Preview Content\"";
				DEVELOPMENT_TEAM = XHKRMS9TZN;
				ENABLE_PREVIEWS = YES;
				GENERATE_INFOPLIST_FILE = YES;
				INFOPLIST_FILE = "";
				INFOPLIST_KEY_UIApplicationSceneManifest_Generation = YES;
				INFOPLIST_KEY_UIApplicationSupportsIndirectInputEvents = YES;
				INFOPLIST_KEY_UILaunchScreen_Generation = YES;
				INFOPLIST_KEY_UISupportedInterfaceOrientations_iPad = "UIInterfaceOrientationPortrait UIInterfaceOrientationPortraitUpsideDown UIInterfaceOrientationLandscapeLeft UIInterfaceOrientationLandscapeRight";
				INFOPLIST_KEY_UISupportedInterfaceOrientations_iPhone = "UIInterfaceOrientationPortrait UIInterfaceOrientationLandscapeLeft UIInterfaceOrientationLandscapeRight";
				LD_RUNPATH_SEARCH_PATHS = (
					"$(inherited)",
					"@executable_path/Frameworks",
				);
				MARKETING_VERSION = 1.0;
				PRODUCT_BUNDLE_IDENTIFIER = co.adam.QFlickrApp;
				PRODUCT_NAME = "$(TARGET_NAME)";
				SWIFT_EMIT_LOC_STRINGS = YES;
				SWIFT_VERSION = 5.0;
				TARGETED_DEVICE_FAMILY = "1,2";
			};
			name = Release;
		};
		8A677E7C2A85B4D3004A1437 /* Debug */ = {
			isa = XCBuildConfiguration;
			buildSettings = {
				BUNDLE_LOADER = "$(TEST_HOST)";
				CLANG_ENABLE_MODULES = YES;
				CODE_SIGN_STYLE = Automatic;
				CURRENT_PROJECT_VERSION = 1;
				DEVELOPMENT_TEAM = XHKRMS9TZN;
				GENERATE_INFOPLIST_FILE = YES;
				MARKETING_VERSION = 1.0;
				PRODUCT_BUNDLE_IDENTIFIER = co.adam.QFlickrAppTests;
				PRODUCT_NAME = "$(TARGET_NAME)";
				SWIFT_EMIT_LOC_STRINGS = NO;
				SWIFT_OPTIMIZATION_LEVEL = "-Onone";
				SWIFT_VERSION = 5.0;
				TARGETED_DEVICE_FAMILY = "1,2";
				TEST_HOST = "$(BUILT_PRODUCTS_DIR)/QFlickrApp.app/$(BUNDLE_EXECUTABLE_FOLDER_PATH)/QFlickrApp";
			};
			name = Debug;
		};
		8A677E7D2A85B4D3004A1437 /* Release */ = {
			isa = XCBuildConfiguration;
			buildSettings = {
				BUNDLE_LOADER = "$(TEST_HOST)";
				CLANG_ENABLE_MODULES = YES;
				CODE_SIGN_STYLE = Automatic;
				CURRENT_PROJECT_VERSION = 1;
				DEVELOPMENT_TEAM = XHKRMS9TZN;
				GENERATE_INFOPLIST_FILE = YES;
				MARKETING_VERSION = 1.0;
				PRODUCT_BUNDLE_IDENTIFIER = co.adam.QFlickrAppTests;
				PRODUCT_NAME = "$(TARGET_NAME)";
				SWIFT_EMIT_LOC_STRINGS = NO;
				SWIFT_VERSION = 5.0;
				TARGETED_DEVICE_FAMILY = "1,2";
				TEST_HOST = "$(BUILT_PRODUCTS_DIR)/QFlickrApp.app/$(BUNDLE_EXECUTABLE_FOLDER_PATH)/QFlickrApp";
			};
			name = Release;
		};
/* End XCBuildConfiguration section */

/* Begin XCConfigurationList section */
		8A51DE712A83C47200930C1C /* Build configuration list for PBXProject "QFlickrApp" */ = {
			isa = XCConfigurationList;
			buildConfigurations = (
				8A51DE822A83C47200930C1C /* Debug */,
				8A51DE832A83C47200930C1C /* Release */,
			);
			defaultConfigurationIsVisible = 0;
			defaultConfigurationName = Release;
		};
		8A51DE842A83C47200930C1C /* Build configuration list for PBXNativeTarget "QFlickrApp" */ = {
			isa = XCConfigurationList;
			buildConfigurations = (
				8A51DE852A83C47200930C1C /* Debug */,
				8A51DE862A83C47200930C1C /* Release */,
			);
			defaultConfigurationIsVisible = 0;
			defaultConfigurationName = Release;
		};
		8A677E7E2A85B4D3004A1437 /* Build configuration list for PBXNativeTarget "QFlickrAppTests" */ = {
			isa = XCConfigurationList;
			buildConfigurations = (
				8A677E7C2A85B4D3004A1437 /* Debug */,
				8A677E7D2A85B4D3004A1437 /* Release */,
			);
			defaultConfigurationIsVisible = 0;
			defaultConfigurationName = Release;
		};
/* End XCConfigurationList section */
	};
	rootObject = 8A51DE6E2A83C47200930C1C /* Project object */;
}
